{
	"name": "@nokodo/release",
	"version": "0.0.0",
	"lockfileVersion": 3,
	"requires": true,
	"packages": {
		"": {
			"name": "@nokodo/release",
			"version": "0.0.0",
			"dependencies": {
				"conventional-commits-parser": "^6.0.0",
				"semver": "^7.7.0"
			}
		},
		"node_modules/@simple-libs/stream-utils": {
			"version": "1.2.0",
			"resolved": "https://registry.npmjs.org/@simple-libs/stream-utils/-/stream-utils-1.2.0.tgz",
			"integrity": "sha512-KxXvfapcixpz6rVEB6HPjOUZT22yN6v0vI0urQSk1L8MlEWPDFCZkhw2xmkyoTGYeFw7tWTZd7e3lVzRZRN/EA==",
			"license": "MIT",
			"engines": {
				"node": ">=18"
			},
			"funding": {
				"url": "https://ko-fi.com/dangreen"
			}
		},
		"node_modules/conventional-commits-parser": {
			"version": "6.4.0",
			"resolved": "https://registry.npmjs.org/conventional-commits-parser/-/conventional-commits-parser-6.4.0.tgz",
			"integrity": "sha512-tvRg7FIBNlyPzjdG8wWRlPHQJJHI7DylhtRGeU9Lq+JuoPh5BKpPRX83ZdLrvXuOSu5Eo/e7SzOQhU4Hd2Miuw==",
			"license": "MIT",
			"dependencies": {
				"@simple-libs/stream-utils": "^1.2.0",
				"meow": "^13.0.0"
			},
			"bin": {
				"conventional-commits-parser": "dist/cli/index.js"
			},
			"engines": {
				"node": ">=18"
			}
		},
		"node_modules/meow": {
			"version": "13.2.0",
			"resolved": "https://registry.npmjs.org/meow/-/meow-13.2.0.tgz",
			"integrity": "sha512-pxQJQzB6djGPXh08dacEloMFopsOqGVRKFPYvPOt9XDZ1HasbgDZA74CJGreSU4G3Ak7EFJGoiH2auq+yXISgA==",
			"license": "MIT",
			"engines": {
				"node": ">=18"
			},
			"funding": {
				"url": "https://github.com/sponsors/sindresorhus"
			}
		},
		"node_modules/semver": {
			"version": "7.7.4",
			"resolved": "https://registry.npmjs.org/semver/-/semver-7.7.4.tgz",
			"integrity": "sha512-vFKC2IEtQnVhpT78h1Yp8wzwrf8CM+MzKMHGJZfBtzhZNycRFnXsHk6E5TxIkkMsgNS7mdX3AGB7x2QM2di4lA==",
			"license": "ISC",
			"bin": {
				"semver": "bin/semver.js"
			},
			"engines": {
				"node": ">=10"
			}
		}
	}
}
